
Microsoft Visual Studio Solution File, Format Version 12.00
# Visual Studio Version 16
VisualStudioVersion = 16.0.30517.126
MinimumVisualStudioVersion = 10.0.40219.1
Project("{FAE04EC0-301F-11D3-BF4B-00C04F79EFBC}") = "TelemetrikCar", "TelemetrikCar.csproj", "{05BB9138-97E6-40EF-82D8-47530EE28FCE}"
EndProject
Global
	GlobalSection(SolutionConfigurationPlatforms) = preSolution
		Debug|Any CPU = Debug|Any CPU
		Release|Any CPU = Release|Any CPU
	EndGlobalSection
	GlobalSection(ProjectConfigurationPlatforms) = postSolution
		{05BB9138-97E6-40EF-82D8-47530EE28FCE}.Debug|Any CPU.ActiveCfg = Debug|Any CPU
		{05BB9138-97E6-40EF-82D8-47530EE28FCE}.Debug|Any CPU.Build.0 = Debug|Any CPU
		{05BB9138-97E6-40EF-82D8-47530EE28FCE}.Release|Any CPU.ActiveCfg = Release|Any CPU
		{05BB9138-97E6-40EF-82D8-47530EE28FCE}.Release|Any CPU.Build.0 = Release|Any CPU
	EndGlobalSection
	GlobalSection(SolutionProperties) = preSolution
		HideSolutionNode = FALSE
	EndGlobalSection
	GlobalSection(ExtensibilityGlobals) = postSolution
		SolutionGuid = {B83385B9-37C1-4D11-B866-9FE34829C3C4}
	EndGlobalSection
EndGlobal
